// !$*UTF8*$!
{
	archiveVersion = 1;
	classes = {
	};
	objectVersion = 50;
	objects = {

/* Begin PBXBuildFile section */
		09067060D96C1067D4979558 /* Pods_DrinkMoreWater.framework in Frameworks */ = {isa = PBXBuildFile; fileRef = 17FD97637C846D0F1D20EA08 /* Pods_DrinkMoreWater.framework */; };
		B3137BA220F778C800AC1169 /* HeaderTableViewCell.swift in Sources */ = {isa = PBXBuildFile; fileRef = B3137BA120F778C800AC1169 /* HeaderTableViewCell.swift */; };
		B38A560320FF68A300D60E99 /* EditWaterViewController.swift in Sources */ = {isa = PBXBuildFile; fileRef = B38A560220FF68A300D60E99 /* EditWaterViewController.swift */; };
		B38A560720FF81F100D60E99 /* Define.swift in Sources */ = {isa = PBXBuildFile; fileRef = B38A560620FF81F100D60E99 /* Define.swift */; };
		B3D196F620F6E54100BF6662 /* AppDelegate.swift in Sources */ = {isa = PBXBuildFile; fileRef = B3D196F520F6E54100BF6662 /* AppDelegate.swift */; };
		B3D196FB20F6E54100BF6662 /* Main.storyboard in Resources */ = {isa = PBXBuildFile; fileRef = B3D196F920F6E54100BF6662 /* Main.storyboard */; };
		B3D196FD20F6E54200BF6662 /* Assets.xcassets in Resources */ = {isa = PBXBuildFile; fileRef = B3D196FC20F6E54200BF6662 /* Assets.xcassets */; };
		B3D1970020F6E54200BF6662 /* LaunchScreen.storyboard in Resources */ = {isa = PBXBuildFile; fileRef = B3D196FE20F6E54200BF6662 /* LaunchScreen.storyboard */; };
		B3D1970820F6E57700BF6662 /* DrinkWaterTableViewController.swift in Sources */ = {isa = PBXBuildFile; fileRef = B3D1970720F6E57700BF6662 /* DrinkWaterTableViewController.swift */; };
		B3DFAFEF21020539008F6889 /* SettingTableViewController.swift in Sources */ = {isa = PBXBuildFile; fileRef = B3DFAFEE21020539008F6889 /* SettingTableViewController.swift */; };
		B3E7B6782101937400C349CE /* DrinkWaterTableViewCell.swift in Sources */ = {isa = PBXBuildFile; fileRef = B3E7B6772101937400C349CE /* DrinkWaterTableViewCell.swift */; };
/* End PBXBuildFile section */

/* Begin PBXFileReference section */
		17FD97637C846D0F1D20EA08 /* Pods_DrinkMoreWater.framework */ = {isa = PBXFileReference; explicitFileType = wrapper.framework; includeInIndex = 0; path = Pods_DrinkMoreWater.framework; sourceTree = BUILT_PRODUCTS_DIR; };
		354B69702F701126FA374D6B /* Pods-DrinkMoreWater.debug.xcconfig */ = {isa = PBXFileReference; includeInIndex = 1; lastKnownFileType = text.xcconfig; name = "Pods-DrinkMoreWater.debug.xcconfig"; path = "Pods/Target Support Files/Pods-DrinkMoreWater/Pods-DrinkMoreWater.debug.xcconfig"; sourceTree = "<group>"; };
		66A503B3EA9663CE7C2B6E70 /* Pods-DrinkMoreWater.release.xcconfig */ = {isa = PBXFileReference; includeInIndex = 1; lastKnownFileType = text.xcconfig; name = "Pods-DrinkMoreWater.release.xcconfig"; path = "Pods/Target Support Files/Pods-DrinkMoreWater/Pods-DrinkMoreWater.release.xcconfig"; sourceTree = "<group>"; };
		B3137BA120F778C800AC1169 /* HeaderTableViewCell.swift */ = {isa = PBXFileReference; lastKnownFileType = sourcecode.swift; path = HeaderTableViewCell.swift; sourceTree = "<group>"; };
		B38A560220FF68A300D60E99 /* EditWaterViewController.swift */ = {isa = PBXFileReference; lastKnownFileType = sourcecode.swift; path = EditWaterViewController.swift; sourceTree = "<group>"; };
		B38A560620FF81F100D60E99 /* Define.swift */ = {isa = PBXFileReference; lastKnownFileType = sourcecode.swift; path = Define.swift; sourceTree = "<group>"; };
		B3D196F220F6E54100BF6662 /* DrinkMoreWater.app */ = {isa = PBXFileReference; explicitFileType = wrapper.application; includeInIndex = 0; path = DrinkMoreWater.app; sourceTree = BUILT_PRODUCTS_DIR; };
		B3D196F520F6E54100BF6662 /* AppDelegate.swift */ = {isa = PBXFileReference; lastKnownFileType = sourcecode.swift; path = AppDelegate.swift; sourceTree = "<group>"; };
		B3D196FA20F6E54100BF6662 /* Base */ = {isa = PBXFileReference; lastKnownFileType = file.storyboard; name = Base; path = Base.lproj/Main.storyboard; sourceTree = "<group>"; };
		B3D196FC20F6E54200BF6662 /* Assets.xcassets */ = {isa = PBXFileReference; lastKnownFileType = folder.assetcatalog; path = Assets.xcassets; sourceTree = "<group>"; };
		B3D196FF20F6E54200BF6662 /* Base */ = {isa = PBXFileReference; lastKnownFileType = file.storyboard; name = Base; path = Base.lproj/LaunchScreen.storyboard; sourceTree = "<group>"; };
		B3D1970120F6E54200BF6662 /* Info.plist */ = {isa = PBXFileReference; lastKnownFileType = text.plist.xml; path = Info.plist; sourceTree = "<group>"; };
		B3D1970720F6E57700BF6662 /* DrinkWaterTableViewController.swift */ = {isa = PBXFileReference; lastKnownFileType = sourcecode.swift; path = DrinkWaterTableViewController.swift; sourceTree = "<group>"; };
		B3DDAE342108406D00911DF8 /* DrinkMoreWater.entitlements */ = {isa = PBXFileReference; lastKnownFileType = text.plist.entitlements; path = DrinkMoreWater.entitlements; sourceTree = "<group>"; };
		B3DFAFEE21020539008F6889 /* SettingTableViewController.swift */ = {isa = PBXFileReference; lastKnownFileType = sourcecode.swift; path = SettingTableViewController.swift; sourceTree = "<group>"; };
		B3E7B6772101937400C349CE /* DrinkWaterTableViewCell.swift */ = {isa = PBXFileReference; lastKnownFileType = sourcecode.swift; path = DrinkWaterTableViewCell.swift; sourceTree = "<group>"; };
/* End PBXFileReference section */

/* Begin PBXFrameworksBuildPhase section */
		B3D196EF20F6E54100BF6662 /* Frameworks */ = {
			isa = PBXFrameworksBuildPhase;
			buildActionMask = 2147483647;
			files = (
				09067060D96C1067D4979558 /* Pods_DrinkMoreWater.framework in Frameworks */,
			);
			runOnlyForDeploymentPostprocessing = 0;
		};
/* End PBXFrameworksBuildPhase section */

/* Begin PBXGroup section */
		B3D196E920F6E54100BF6662 = {
			isa = PBXGroup;
			children = (
				B3D196F420F6E54100BF6662 /* DrinkMoreWater */,
				B3D196F320F6E54100BF6662 /* Products */,
				EDFA2E28F0255DEDC0ED7DDD /* Pods */,
				CD9D55A88AA67714E142880F /* Frameworks */,
			);
			sourceTree = "<group>";
		};
		B3D196F320F6E54100BF6662 /* Products */ = {
			isa = PBXGroup;
			children = (
				B3D196F220F6E54100BF6662 /* DrinkMoreWater.app */,
			);
			name = Products;
			sourceTree = "<group>";
		};
		B3D196F420F6E54100BF6662 /* DrinkMoreWater */ = {
			isa = PBXGroup;
			children = (
				B3DDAE342108406D00911DF8 /* DrinkMoreWater.entitlements */,
				B3D196F520F6E54100BF6662 /* AppDelegate.swift */,
				B3D1970720F6E57700BF6662 /* DrinkWaterTableViewController.swift */,
				B3E7B6772101937400C349CE /* DrinkWaterTableViewCell.swift */,
				B38A560220FF68A300D60E99 /* EditWaterViewController.swift */,
				B3137BA120F778C800AC1169 /* HeaderTableViewCell.swift */,
				B3DFAFEE21020539008F6889 /* SettingTableViewController.swift */,
				B38A560620FF81F100D60E99 /* Define.swift */,
				B3D196F920F6E54100BF6662 /* Main.storyboard */,
				B3D196FC20F6E54200BF6662 /* Assets.xcassets */,
				B3D196FE20F6E54200BF6662 /* LaunchScreen.storyboard */,
				B3D1970120F6E54200BF6662 /* Info.plist */,
			);
			path = DrinkMoreWater;
			sourceTree = "<group>";
		};
		CD9D55A88AA67714E142880F /* Frameworks */ = {
			isa = PBXGroup;
			children = (
				17FD97637C846D0F1D20EA08 /* Pods_DrinkMoreWater.framework */,
			);
			name = Frameworks;
			sourceTree = "<group>";
		};
		EDFA2E28F0255DEDC0ED7DDD /* Pods */ = {
			isa = PBXGroup;
			children = (
				354B69702F701126FA374D6B /* Pods-DrinkMoreWater.debug.xcconfig */,
				66A503B3EA9663CE7C2B6E70 /* Pods-DrinkMoreWater.release.xcconfig */,
			);
			name = Pods;
			sourceTree = "<group>";
		};
/* End PBXGroup section */

/* Begin PBXNativeTarget section */
		B3D196F120F6E54100BF6662 /* DrinkMoreWater */ = {
			isa = PBXNativeTarget;
			buildConfigurationList = B3D1970420F6E54200BF6662 /* Build configuration list for PBXNativeTarget "DrinkMoreWater" */;
			buildPhases = (
				A264B08BFAF29A101DE3FE76 /* [CP] Check Pods Manifest.lock */,
				B3D196EE20F6E54100BF6662 /* Sources */,
				B3D196EF20F6E54100BF6662 /* Frameworks */,
				B3D196F020F6E54100BF6662 /* Resources */,
			);
			buildRules = (
			);
			dependencies = (
			);
			name = DrinkMoreWater;
			productName = DrinkMoreWater;
			productReference = B3D196F220F6E54100BF6662 /* DrinkMoreWater.app */;
			productType = "com.apple.product-type.application";
		};
/* End PBXNativeTarget section */

/* Begin PBXProject section */
		B3D196EA20F6E54100BF6662 /* Project object */ = {
			isa = PBXProject;
			attributes = {
				LastSwiftUpdateCheck = 1000;
				LastUpgradeCheck = 1000;
				ORGANIZATIONNAME = "Che-wei LIU";
				TargetAttributes = {
					B3D196F120F6E54100BF6662 = {
						CreatedOnToolsVersion = 10.0;
						SystemCapabilities = {
							com.apple.Push = {
								enabled = 0;
							};
						};
					};
				};
			};
			buildConfigurationList = B3D196ED20F6E54100BF6662 /* Build configuration list for PBXProject "DrinkMoreWater" */;
			compatibilityVersion = "Xcode 9.3";
			developmentRegion = en;
			hasScannedForEncodings = 0;
			knownRegions = (
				en,
				Base,
			);
			mainGroup = B3D196E920F6E54100BF6662;
			productRefGroup = B3D196F320F6E54100BF6662 /* Products */;
			projectDirPath = "";
			projectRoot = "";
			targets = (
				B3D196F120F6E54100BF6662 /* DrinkMoreWater */,
			);
		};
/* End PBXProject section */

/* Begin PBXResourcesBuildPhase section */
		B3D196F020F6E54100BF6662 /* Resources */ = {
			isa = PBXResourcesBuildPhase;
			buildActionMask = 2147483647;
			files = (
				B3D1970020F6E54200BF6662 /* LaunchScreen.storyboard in Resources */,
				B3D196FD20F6E54200BF6662 /* Assets.xcassets in Resources */,
				B3D196FB20F6E54100BF6662 /* Main.storyboard in Resources */,
			);
			runOnlyForDeploymentPostprocessing = 0;
		};
/* End PBXResourcesBuildPhase section */

/* Begin PBXShellScriptBuildPhase section */
		A264B08BFAF29A101DE3FE76 /* [CP] Check Pods Manifest.lock */ = {
			isa = PBXShellScriptBuildPhase;
			buildActionMask = 2147483647;
			files = (
			);
			inputPaths = (
				"${PODS_PODFILE_DIR_PATH}/Podfile.lock",
				"${PODS_ROOT}/Manifest.lock",
			);
			name = "[CP] Check Pods Manifest.lock";
			outputPaths = (
				"$(DERIVED_FILE_DIR)/Pods-DrinkMoreWater-checkManifestLockResult.txt",
			);
			runOnlyForDeploymentPostprocessing = 0;
			shellPath = /bin/sh;
			shellScript = "diff \"${PODS_PODFILE_DIR_PATH}/Podfile.lock\" \"${PODS_ROOT}/Manifest.lock\" > /dev/null\nif [ $? != 0 ] ; then\n    # print error to STDERR\n    echo \"error: The sandbox is not in sync with the Podfile.lock. Run 'pod install' or update your CocoaPods installation.\" >&2\n    exit 1\nfi\n# This output is used by Xcode 'outputs' to avoid re-running this script phase.\necho \"SUCCESS\" > \"${SCRIPT_OUTPUT_FILE_0}\"\n";
			showEnvVarsInLog = 0;
		};
/* End PBXShellScriptBuildPhase section */

/* Begin PBXSourcesBuildPhase section */
		B3D196EE20F6E54100BF6662 /* Sources */ = {
			isa = PBXSourcesBuildPhase;
			buildActionMask = 2147483647;
			files = (
				B3DFAFEF21020539008F6889 /* SettingTableViewController.swift in Sources */,
				B3137BA220F778C800AC1169 /* HeaderTableViewCell.swift in Sources */,
				B38A560720FF81F100D60E99 /* Define.swift in Sources */,
				B38A560320FF68A300D60E99 /* EditWaterViewController.swift in Sources */,
				B3D1970820F6E57700BF6662 /* DrinkWaterTableViewController.swift in Sources */,
				B3E7B6782101937400C349CE /* DrinkWaterTableViewCell.swift in Sources */,
				B3D196F620F6E54100BF6662 /* AppDelegate.swift in Sources */,
			);
			runOnlyForDeploymentPostprocessing = 0;
		};
/* End PBXSourcesBuildPhase section */

/* Begin PBXVariantGroup section */
		B3D196F920F6E54100BF6662 /* Main.storyboard */ = {
			isa = PBXVariantGroup;
			children = (
				B3D196FA20F6E54100BF6662 /* Base */,
			);
			name = Main.storyboard;
			sourceTree = "<group>";
		};
		B3D196FE20F6E54200BF6662 /* LaunchScreen.storyboard */ = {
			isa = PBXVariantGroup;
			children = (
				B3D196FF20F6E54200BF6662 /* Base */,
			);
			name = LaunchScreen.storyboard;
			sourceTree = "<group>";
		};
/* End PBXVariantGroup section */

/* Begin XCBuildConfiguration section */
		B3D1970220F6E54200BF6662 /* Debug */ = {
			isa = XCBuildConfiguration;
			buildSettings = {
				ALWAYS_SEARCH_USER_PATHS = NO;
				CLANG_ANALYZER_NONNULL = YES;
				CLANG_ANALYZER_NUMBER_OBJECT_CONVERSION = YES_AGGRESSIVE;
				CLANG_CXX_LANGUAGE_STANDARD = "gnu++14";
				CLANG_CXX_LIBRARY = "libc++";
				CLANG_ENABLE_MODULES = YES;
				CLANG_ENABLE_OBJC_ARC = YES;
				CLANG_ENABLE_OBJC_WEAK = YES;
				CLANG_WARN_BLOCK_CAPTURE_AUTORELEASING = YES;
				CLANG_WARN_BOOL_CONVERSION = YES;
				CLANG_WARN_COMMA = YES;
				CLANG_WARN_CONSTANT_CONVERSION = YES;
				CLANG_WARN_DEPRECATED_OBJC_IMPLEMENTATIONS = YES;
				CLANG_WARN_DIRECT_OBJC_ISA_USAGE = YES_ERROR;
				CLANG_WARN_DOCUMENTATION_COMMENTS = YES;
				CLANG_WARN_EMPTY_BODY = YES;
				CLANG_WARN_ENUM_CONVERSION = YES;
				CLANG_WARN_INFINITE_RECURSION = YES;
				CLANG_WARN_INT_CONVERSION = YES;
				CLANG_WARN_NON_LITERAL_NULL_CONVERSION = YES;
				CLANG_WARN_OBJC_IMPLICIT_RETAIN_SELF = YES;
				CLANG_WARN_OBJC_LITERAL_CONVERSION = YES;
				CLANG_WARN_OBJC_ROOT_CLASS = YES_ERROR;
				CLANG_WARN_RANGE_LOOP_ANALYSIS = YES;
				CLANG_WARN_STRICT_PROTOTYPES = YES;
				CLANG_WARN_SUSPICIOUS_MOVE = YES;
				CLANG_WARN_UNGUARDED_AVAILABILITY = YES_AGGRESSIVE;
				CLANG_WARN_UNREACHABLE_CODE = YES;
				CLANG_WARN__DUPLICATE_METHOD_MATCH = YES;
				CODE_SIGN_IDENTITY = "iPhone Developer";
				COPY_PHASE_STRIP = NO;
				DEBUG_INFORMATION_FORMAT = dwarf;
				ENABLE_STRICT_OBJC_MSGSEND = YES;
				ENABLE_TESTABILITY = YES;
				GCC_C_LANGUAGE_STANDARD = gnu11;
				GCC_DYNAMIC_NO_PIC = NO;
				GCC_NO_COMMON_BLOCKS = YES;
				GCC_OPTIMIZATION_LEVEL = 0;
				GCC_PREPROCESSOR_DEFINITIONS = (
					"DEBUG=1",
					"$(inherited)",
				);
				GCC_WARN_64_TO_32_BIT_CONVERSION = YES;
				GCC_WARN_ABOUT_RETURN_TYPE = YES_ERROR;
				GCC_WARN_UNDECLARED_SELECTOR = YES;
				GCC_WARN_UNINITIALIZED_AUTOS = YES_AGGRESSIVE;
				GCC_WARN_UNUSED_FUNCTION = YES;
				GCC_WARN_UNUSED_VARIABLE = YES;
				IPHONEOS_DEPLOYMENT_TARGET = 12.0;
				MTL_ENABLE_DEBUG_INFO = INCLUDE_SOURCE;
				MTL_FAST_MATH = YES;
				ONLY_ACTIVE_ARCH = YES;
				SDKROOT = iphoneos;
				SWIFT_ACTIVE_COMPILATION_CONDITIONS = DEBUG;
				SWIFT_OPTIMIZATION_LEVEL = "-Onone";
			};
			name = Debug;
		};
		B3D1970320F6E54200BF6662 /* Release */ = {
			isa = XCBuildConfiguration;
			buildSettings = {
				ALWAYS_SEARCH_USER_PATHS = NO;
				CLANG_ANALYZER_NONNULL = YES;
				CLANG_ANALYZER_NUMBER_OBJECT_CONVERSION = YES_AGGRESSIVE;
				CLANG_CXX_LANGUAGE_STANDARD = "gnu++14";
				CLANG_CXX_LIBRARY = "libc++";
				CLANG_ENABLE_MODULES = YES;
				CLANG_ENABLE_OBJC_ARC = YES;
				CLANG_ENABLE_OBJC_WEAK = YES;
				CLANG_WARN_BLOCK_CAPTURE_AUTORELEASING = YES;
				CLANG_WARN_BOOL_CONVERSION = YES;
				CLANG_WARN_COMMA = YES;
				CLANG_WARN_CONSTANT_CONVERSION = YES;
				CLANG_WARN_DEPRECATED_OBJC_IMPLEMENTATIONS = YES;
				CLANG_WARN_DIRECT_OBJC_ISA_USAGE = YES_ERROR;
				CLANG_WARN_DOCUMENTATION_COMMENTS = YES;
				CLANG_WARN_EMPTY_BODY = YES;
				CLANG_WARN_ENUM_CONVERSION = YES;
				CLANG_WARN_INFINITE_RECURSION = YES;
				CLANG_WARN_INT_CONVERSION = YES;
				CLANG_WARN_NON_LITERAL_NULL_CONVERSION = YES;
				CLANG_WARN_OBJC_IMPLICIT_RETAIN_SELF = YES;
				CLANG_WARN_OBJC_LITERAL_CONVERSION = YES;
				CLANG_WARN_OBJC_ROOT_CLASS = YES_ERROR;
				CLANG_WARN_RANGE_LOOP_ANALYSIS = YES;
				CLANG_WARN_STRICT_PROTOTYPES = YES;
				CLANG_WARN_SUSPICIOUS_MOVE = YES;
				CLANG_WARN_UNGUARDED_AVAILABILITY = YES_AGGRESSIVE;
				CLANG_WARN_UNREACHABLE_CODE = YES;
				CLANG_WARN__DUPLICATE_METHOD_MATCH = YES;
				CODE_SIGN_IDENTITY = "iPhone Developer";
				COPY_PHASE_STRIP = NO;
				DEBUG_INFORMATION_FORMAT = "dwarf-with-dsym";
				ENABLE_NS_ASSERTIONS = NO;
				ENABLE_STRICT_OBJC_MSGSEND = YES;
				GCC_C_LANGUAGE_STANDARD = gnu11;
				GCC_NO_COMMON_BLOCKS = YES;
				GCC_WARN_64_TO_32_BIT_CONVERSION = YES;
				GCC_WARN_ABOUT_RETURN_TYPE = YES_ERROR;
				GCC_WARN_UNDECLARED_SELECTOR = YES;
				GCC_WARN_UNINITIALIZED_AUTOS = YES_AGGRESSIVE;
				GCC_WARN_UNUSED_FUNCTION = YES;
				GCC_WARN_UNUSED_VARIABLE = YES;
				IPHONEOS_DEPLOYMENT_TARGET = 12.0;
				MTL_ENABLE_DEBUG_INFO = NO;
				MTL_FAST_MATH = YES;
				SDKROOT = iphoneos;
				SWIFT_COMPILATION_MODE = wholemodule;
				SWIFT_OPTIMIZATION_LEVEL = "-O";
				VALIDATE_PRODUCT = YES;
			};
			name = Release;
		};
		B3D1970520F6E54200BF6662 /* Debug */ = {
			isa = XCBuildConfiguration;
			baseConfigurationReference = 354B69702F701126FA374D6B /* Pods-DrinkMoreWater.debug.xcconfig */;
			buildSettings = {
				ASSETCATALOG_COMPILER_APPICON_NAME = AppIcon;
				CODE_SIGN_STYLE = Automatic;
				DEVELOPMENT_TEAM = C79K9PYRJB;
				INFOPLIST_FILE = DrinkMoreWater/Info.plist;
				IPHONEOS_DEPLOYMENT_TARGET = 10.0;
				LD_RUNPATH_SEARCH_PATHS = (
					"$(inherited)",
					"@executable_path/Frameworks",
				);
				PRODUCT_BUNDLE_IDENTIFIER = com.leo.DrinkMoreWater;
				PRODUCT_NAME = "$(TARGET_NAME)";
				SWIFT_VERSION = 4.2;
				TARGETED_DEVICE_FAMILY = 1;
			};
			name = Debug;
		};
		B3D1970620F6E54200BF6662 /* Release */ = {
			isa = XCBuildConfiguration;
			baseConfigurationReference = 66A503B3EA9663CE7C2B6E70 /* Pods-DrinkMoreWater.release.xcconfig */;
			buildSettings = {
				ASSETCATALOG_COMPILER_APPICON_NAME = AppIcon;
				CODE_SIGN_STYLE = Automatic;
				DEVELOPMENT_TEAM = C79K9PYRJB;
				INFOPLIST_FILE = DrinkMoreWater/Info.plist;
				IPHONEOS_DEPLOYMENT_TARGET = 10.0;
				LD_RUNPATH_SEARCH_PATHS = (
					"$(inherited)",
					"@executable_path/Frameworks",
				);
				PRODUCT_BUNDLE_IDENTIFIER = com.leo.DrinkMoreWater;
				PRODUCT_NAME = "$(TARGET_NAME)";
				SWIFT_VERSION = 4.2;
				TARGETED_DEVICE_FAMILY = 1;
			};
			name = Release;
		};
/* End XCBuildConfiguration section */

/* Begin XCConfigurationList section */
		B3D196ED20F6E54100BF6662 /* Build configuration list for PBXProject "DrinkMoreWater" */ = {
			isa = XCConfigurationList;
			buildConfigurations = (
				B3D1970220F6E54200BF6662 /* Debug */,
				B3D1970320F6E54200BF6662 /* Release */,
			);
			defaultConfigurationIsVisible = 0;
			defaultConfigurationName = Release;
		};
		B3D1970420F6E54200BF6662 /* Build configuration list for PBXNativeTarget "DrinkMoreWater" */ = {
			isa = XCConfigurationList;
			buildConfigurations = (
				B3D1970520F6E54200BF6662 /* Debug */,
				B3D1970620F6E54200BF6662 /* Release */,
			);
			defaultConfigurationIsVisible = 0;
			defaultConfigurationName = Release;
		};
/* End XCConfigurationList section */
	};
	rootObject = B3D196EA20F6E54100BF6662 /* Project object */;
}
